DEPENDENCIES
  apache2
  app
    path: site-cookbooks/app
  apt
  build-essential
  composer
  elasticsearch
    git: https://github.com/elastic/cookbook-elasticsearch.git
    revision: f206b836473f291ecfca678c4ffbb4dfd187bbfe
    tag: f206b836473f291ecfca678c4ffbb4dfd187bbfe
  hostsfile
  memcached
  mysql
    git: https://github.com/haad/mysql.git
    revision: 0ff1ec7214af1f0fcf0e52aef25b301cdb26b8c7
  openssl
  php
    git: https://github.com/priestjim/chef-php.git
    revision: 1c3a42ef3cb1c8d8bfdbb1ec97388d41fd26d80b
  postfix
  postgresql

GRAPH
  7-zip (1.0.2)
    windows (>= 1.2.2)
  apache (0.0.5)
    apache2 (>= 0.0.0)
  apache2 (3.1.0)
  app (1.0.0)
    apache (>= 0.0.0)
    apt (>= 0.0.0)
    chef-sugar (>= 0.0.0)
    composer (>= 0.0.0)
    elasticsearch (>= 0.0.0)
    hostsfile (>= 0.0.0)
    mysql (>= 0.0.0)
    openssl (>= 0.0.0)
    php (>= 0.0.0)
  apt (2.7.0)
  ark (0.9.0)
    7-zip (>= 0.0.0)
    windows (>= 0.0.0)
  build-essential (2.2.3)
  chef-sugar (3.1.1)
  chef_handler (1.2.0)
  composer (2.1.0)
    php (>= 0.0.0)
    windows (>= 0.0.0)
  curl (2.0.1)
  elasticsearch (1.0.0)
    apt (~> 2.7.0)
    ark (~> 0.9.0)
    chef-sugar (~> 3.1.0)
    curl (~> 2.0.1)
    poise (~> 2.0.1)
    yum (~> 3.6.1)
  hostsfile (2.4.5)
  memcached (1.7.2)
    runit (~> 1.0)
    yum (~> 3.0)
    yum-epel (>= 0.0.0)
  mysql (5.6.1)
    supervisor (>= 0.0.0)
    yum-mysql-community (>= 0.0.0)
  openssl (4.2.0)
    chef-sugar (>= 0.0.0)
  packagecloud (0.0.19)
  php (1.2.3)
    apt (>= 0.0.0)
    build-essential (>= 0.0.0)
    xml (>= 0.0.0)
    yum (>= 0.0.0)
  poise (2.0.1)
  postfix (3.7.0)
  postgresql (3.4.16)
    apt (>= 1.9.0)
    build-essential (>= 0.0.0)
    openssl (>= 0.0.0)
  python (1.4.6)
    build-essential (>= 0.0.0)
    yum-epel (>= 0.0.0)
  runit (1.7.2)
    packagecloud (>= 0.0.0)
  supervisor (0.4.12)
    python (>= 0.0.0)
  windows (1.37.0)
    chef_handler (>= 0.0.0)
  xml (1.2.13)
    build-essential (>= 0.0.0)
    chef-sugar (>= 0.0.0)
  yum (3.6.1)
  yum-epel (0.6.2)
    yum (~> 3.2)
  yum-mysql-community (0.1.17)
    yum (>= 3.0)
